
Microsoft Visual Studio Solution File, Format Version 12.00
# Visual Studio Version 17
VisualStudioVersion = 17.0.31903.59
MinimumVisualStudioVersion = 10.0.40219.1
Project("{FAE04EC0-301F-11D3-BF4B-00C04F79EFBC}") = "LottoNumberRandomizer.UI", "LottoNumberRandomizer.UI\LottoNumberRandomizer.UI.csproj", "{74BEA488-FD6E-4DEA-856E-6E1A8930CF7D}"
EndProject
Project("{FAE04EC0-301F-11D3-BF4B-00C04F79EFBC}") = "LottoNumberRandomizer.Presentation", "LottoNumberRandomizer.Presentation\LottoNumberRandomizer.Presentation.csproj", "{161A03FA-FB63-4A79-9C8F-19604153928F}"
EndProject
Project("{FAE04EC0-301F-11D3-BF4B-00C04F79EFBC}") = "LottoNumberRandomizer.ApplicationLayer", "LottoNumberRandomizer.ApplicationLayer\LottoNumberRandomizer.ApplicationLayer.csproj", "{0543F993-0777-4777-927B-1F29EFE1B38D}"
EndProject
Project("{FAE04EC0-301F-11D3-BF4B-00C04F79EFBC}") = "LottoNumberRandomizer.Domain", "LottoNumberRandomizer.Domain\LottoNumberRandomizer.Domain.csproj", "{6F68794E-5385-4EDD-BFBB-1BAD8301740C}"
EndProject
Project("{FAE04EC0-301F-11D3-BF4B-00C04F79EFBC}") = "LottoNumberRandomizer.Infrastructure", "LottoNumberRandomizer.Infrastructure\LottoNumberRandomizer.Infrastructure.csproj", "{19ECA5F1-3785-427E-950C-19841A58FCB8}"
EndProject
Project("{FAE04EC0-301F-11D3-BF4B-00C04F79EFBC}") = "LottoNumberRandomizer.Model", "LottoNumberRandomizer.Model\LottoNumberRandomizer.Model.csproj", "{532D443C-3565-4799-8BAA-D75A0FE7B623}"
EndProject
Project("{FAE04EC0-301F-11D3-BF4B-00C04F79EFBC}") = "LottoNumberRandomizer.Configuration", "LottoNumberRandomizer.Configuration\LottoNumberRandomizer.Configuration.csproj", "{708844EF-780C-4B36-A49E-F42ED5DD1385}"
EndProject
Global
	GlobalSection(SolutionConfigurationPlatforms) = preSolution
		Debug|Any CPU = Debug|Any CPU
		Debug|x64 = Debug|x64
		Debug|x86 = Debug|x86
		Release|Any CPU = Release|Any CPU
		Release|x64 = Release|x64
		Release|x86 = Release|x86
	EndGlobalSection
	GlobalSection(ProjectConfigurationPlatforms) = postSolution
		{74BEA488-FD6E-4DEA-856E-6E1A8930CF7D}.Debug|Any CPU.ActiveCfg = Debug|Any CPU
		{74BEA488-FD6E-4DEA-856E-6E1A8930CF7D}.Debug|Any CPU.Build.0 = Debug|Any CPU
		{74BEA488-FD6E-4DEA-856E-6E1A8930CF7D}.Debug|x64.ActiveCfg = Debug|Any CPU
		{74BEA488-FD6E-4DEA-856E-6E1A8930CF7D}.Debug|x64.Build.0 = Debug|Any CPU
		{74BEA488-FD6E-4DEA-856E-6E1A8930CF7D}.Debug|x86.ActiveCfg = Debug|Any CPU
		{74BEA488-FD6E-4DEA-856E-6E1A8930CF7D}.Debug|x86.Build.0 = Debug|Any CPU
		{74BEA488-FD6E-4DEA-856E-6E1A8930CF7D}.Release|Any CPU.ActiveCfg = Release|Any CPU
		{74BEA488-FD6E-4DEA-856E-6E1A8930CF7D}.Release|Any CPU.Build.0 = Release|Any CPU
		{74BEA488-FD6E-4DEA-856E-6E1A8930CF7D}.Release|x64.ActiveCfg = Release|Any CPU
		{74BEA488-FD6E-4DEA-856E-6E1A8930CF7D}.Release|x64.Build.0 = Release|Any CPU
		{74BEA488-FD6E-4DEA-856E-6E1A8930CF7D}.Release|x86.ActiveCfg = Release|Any CPU
		{74BEA488-FD6E-4DEA-856E-6E1A8930CF7D}.Release|x86.Build.0 = Release|Any CPU
		{161A03FA-FB63-4A79-9C8F-19604153928F}.Debug|Any CPU.ActiveCfg = Debug|Any CPU
		{161A03FA-FB63-4A79-9C8F-19604153928F}.Debug|Any CPU.Build.0 = Debug|Any CPU
		{161A03FA-FB63-4A79-9C8F-19604153928F}.Debug|x64.ActiveCfg = Debug|Any CPU
		{161A03FA-FB63-4A79-9C8F-19604153928F}.Debug|x64.Build.0 = Debug|Any CPU
		{161A03FA-FB63-4A79-9C8F-19604153928F}.Debug|x86.ActiveCfg = Debug|Any CPU
		{161A03FA-FB63-4A79-9C8F-19604153928F}.Debug|x86.Build.0 = Debug|Any CPU
		{161A03FA-FB63-4A79-9C8F-19604153928F}.Release|Any CPU.ActiveCfg = Release|Any CPU
		{161A03FA-FB63-4A79-9C8F-19604153928F}.Release|Any CPU.Build.0 = Release|Any CPU
		{161A03FA-FB63-4A79-9C8F-19604153928F}.Release|x64.ActiveCfg = Release|Any CPU
		{161A03FA-FB63-4A79-9C8F-19604153928F}.Release|x64.Build.0 = Release|Any CPU
		{161A03FA-FB63-4A79-9C8F-19604153928F}.Release|x86.ActiveCfg = Release|Any CPU
		{161A03FA-FB63-4A79-9C8F-19604153928F}.Release|x86.Build.0 = Release|Any CPU
		{0543F993-0777-4777-927B-1F29EFE1B38D}.Debug|Any CPU.ActiveCfg = Debug|Any CPU
		{0543F993-0777-4777-927B-1F29EFE1B38D}.Debug|Any CPU.Build.0 = Debug|Any CPU
		{0543F993-0777-4777-927B-1F29EFE1B38D}.Debug|x64.ActiveCfg = Debug|Any CPU
		{0543F993-0777-4777-927B-1F29EFE1B38D}.Debug|x64.Build.0 = Debug|Any CPU
		{0543F993-0777-4777-927B-1F29EFE1B38D}.Debug|x86.ActiveCfg = Debug|Any CPU
		{0543F993-0777-4777-927B-1F29EFE1B38D}.Debug|x86.Build.0 = Debug|Any CPU
		{0543F993-0777-4777-927B-1F29EFE1B38D}.Release|Any CPU.ActiveCfg = Release|Any CPU
		{0543F993-0777-4777-927B-1F29EFE1B38D}.Release|Any CPU.Build.0 = Release|Any CPU
		{0543F993-0777-4777-927B-1F29EFE1B38D}.Release|x64.ActiveCfg = Release|Any CPU
		{0543F993-0777-4777-927B-1F29EFE1B38D}.Release|x64.Build.0 = Release|Any CPU
		{0543F993-0777-4777-927B-1F29EFE1B38D}.Release|x86.ActiveCfg = Release|Any CPU
		{0543F993-0777-4777-927B-1F29EFE1B38D}.Release|x86.Build.0 = Release|Any CPU
		{6F68794E-5385-4EDD-BFBB-1BAD8301740C}.Debug|Any CPU.ActiveCfg = Debug|Any CPU
		{6F68794E-5385-4EDD-BFBB-1BAD8301740C}.Debug|Any CPU.Build.0 = Debug|Any CPU
		{6F68794E-5385-4EDD-BFBB-1BAD8301740C}.Debug|x64.ActiveCfg = Debug|Any CPU
		{6F68794E-5385-4EDD-BFBB-1BAD8301740C}.Debug|x64.Build.0 = Debug|Any CPU
		{6F68794E-5385-4EDD-BFBB-1BAD8301740C}.Debug|x86.ActiveCfg = Debug|Any CPU
		{6F68794E-5385-4EDD-BFBB-1BAD8301740C}.Debug|x86.Build.0 = Debug|Any CPU
		{6F68794E-5385-4EDD-BFBB-1BAD8301740C}.Release|Any CPU.ActiveCfg = Release|Any CPU
		{6F68794E-5385-4EDD-BFBB-1BAD8301740C}.Release|Any CPU.Build.0 = Release|Any CPU
		{6F68794E-5385-4EDD-BFBB-1BAD8301740C}.Release|x64.ActiveCfg = Release|Any CPU
		{6F68794E-5385-4EDD-BFBB-1BAD8301740C}.Release|x64.Build.0 = Release|Any CPU
		{6F68794E-5385-4EDD-BFBB-1BAD8301740C}.Release|x86.ActiveCfg = Release|Any CPU
		{6F68794E-5385-4EDD-BFBB-1BAD8301740C}.Release|x86.Build.0 = Release|Any CPU
		{19ECA5F1-3785-427E-950C-19841A58FCB8}.Debug|Any CPU.ActiveCfg = Debug|Any CPU
		{19ECA5F1-3785-427E-950C-19841A58FCB8}.Debug|Any CPU.Build.0 = Debug|Any CPU
		{19ECA5F1-3785-427E-950C-19841A58FCB8}.Debug|x64.ActiveCfg = Debug|Any CPU
		{19ECA5F1-3785-427E-950C-19841A58FCB8}.Debug|x64.Build.0 = Debug|Any CPU
		{19ECA5F1-3785-427E-950C-19841A58FCB8}.Debug|x86.ActiveCfg = Debug|Any CPU
		{19ECA5F1-3785-427E-950C-19841A58FCB8}.Debug|x86.Build.0 = Debug|Any CPU
		{19ECA5F1-3785-427E-950C-19841A58FCB8}.Release|Any CPU.ActiveCfg = Release|Any CPU
		{19ECA5F1-3785-427E-950C-19841A58FCB8}.Release|Any CPU.Build.0 = Release|Any CPU
		{19ECA5F1-3785-427E-950C-19841A58FCB8}.Release|x64.ActiveCfg = Release|Any CPU
		{19ECA5F1-3785-427E-950C-19841A58FCB8}.Release|x64.Build.0 = Release|Any CPU
		{19ECA5F1-3785-427E-950C-19841A58FCB8}.Release|x86.ActiveCfg = Release|Any CPU
		{19ECA5F1-3785-427E-950C-19841A58FCB8}.Release|x86.Build.0 = Release|Any CPU
		{532D443C-3565-4799-8BAA-D75A0FE7B623}.Debug|Any CPU.ActiveCfg = Debug|Any CPU
		{532D443C-3565-4799-8BAA-D75A0FE7B623}.Debug|Any CPU.Build.0 = Debug|Any CPU
		{532D443C-3565-4799-8BAA-D75A0FE7B623}.Debug|x64.ActiveCfg = Debug|Any CPU
		{532D443C-3565-4799-8BAA-D75A0FE7B623}.Debug|x64.Build.0 = Debug|Any CPU
		{532D443C-3565-4799-8BAA-D75A0FE7B623}.Debug|x86.ActiveCfg = Debug|Any CPU
		{532D443C-3565-4799-8BAA-D75A0FE7B623}.Debug|x86.Build.0 = Debug|Any CPU
		{532D443C-3565-4799-8BAA-D75A0FE7B623}.Release|Any CPU.ActiveCfg = Release|Any CPU
		{532D443C-3565-4799-8BAA-D75A0FE7B623}.Release|Any CPU.Build.0 = Release|Any CPU
		{532D443C-3565-4799-8BAA-D75A0FE7B623}.Release|x64.ActiveCfg = Release|Any CPU
		{532D443C-3565-4799-8BAA-D75A0FE7B623}.Release|x64.Build.0 = Release|Any CPU
		{532D443C-3565-4799-8BAA-D75A0FE7B623}.Release|x86.ActiveCfg = Release|Any CPU
		{532D443C-3565-4799-8BAA-D75A0FE7B623}.Release|x86.Build.0 = Release|Any CPU
		{708844EF-780C-4B36-A49E-F42ED5DD1385}.Debug|Any CPU.ActiveCfg = Debug|Any CPU
		{708844EF-780C-4B36-A49E-F42ED5DD1385}.Debug|Any CPU.Build.0 = Debug|Any CPU
		{708844EF-780C-4B36-A49E-F42ED5DD1385}.Debug|x64.ActiveCfg = Debug|Any CPU
		{708844EF-780C-4B36-A49E-F42ED5DD1385}.Debug|x64.Build.0 = Debug|Any CPU
		{708844EF-780C-4B36-A49E-F42ED5DD1385}.Debug|x86.ActiveCfg = Debug|Any CPU
		{708844EF-780C-4B36-A49E-F42ED5DD1385}.Debug|x86.Build.0 = Debug|Any CPU
		{708844EF-780C-4B36-A49E-F42ED5DD1385}.Release|Any CPU.ActiveCfg = Release|Any CPU
		{708844EF-780C-4B36-A49E-F42ED5DD1385}.Release|Any CPU.Build.0 = Release|Any CPU
		{708844EF-780C-4B36-A49E-F42ED5DD1385}.Release|x64.ActiveCfg = Release|Any CPU
		{708844EF-780C-4B36-A49E-F42ED5DD1385}.Release|x64.Build.0 = Release|Any CPU
		{708844EF-780C-4B36-A49E-F42ED5DD1385}.Release|x86.ActiveCfg = Release|Any CPU
		{708844EF-780C-4B36-A49E-F42ED5DD1385}.Release|x86.Build.0 = Release|Any CPU
	EndGlobalSection
	GlobalSection(SolutionProperties) = preSolution
		HideSolutionNode = FALSE
	EndGlobalSection
EndGlobal
